
Microsoft Visual Studio Solution File, Format Version 12.00
# Visual Studio Version 17
VisualStudioVersion = 17.10.35013.160
MinimumVisualStudioVersion = 10.0.40219.1
Project("{9A19103F-16F7-4668-BE54-9A1E7A4F7556}") = "MapExt.Patcher", "MapExt.Patcher\MapExt.Patcher.csproj", "{6EEC6691-35EF-4BA0-86A2-20A389DC7E9E}"
EndProject
Project("{9A19103F-16F7-4668-BE54-9A1E7A4F7556}") = "MapExt.PDX", "MapExt.PDX\MapExt.PDX.csproj", "{5D12C3BA-01DD-4CE5-AFDA-3EEA953B88B2}"
EndProject
Project("{2150E333-8FDC-42A3-9474-1A3956D46DE8}") = "解决方案项", "解决方案项", "{66C4F897-27D8-41A3-BF9D-9A5983AA0609}"
	ProjectSection(SolutionItems) = preProject
		README.md = README.md
	EndProjectSection
EndProject
Global
	GlobalSection(SolutionConfigurationPlatforms) = preSolution
		Debug|Any CPU = Debug|Any CPU
		Release|Any CPU = Release|Any CPU
	EndGlobalSection
	GlobalSection(ProjectConfigurationPlatforms) = postSolution
		{6EEC6691-35EF-4BA0-86A2-20A389DC7E9E}.Debug|Any CPU.ActiveCfg = Release|Any CPU
		{6EEC6691-35EF-4BA0-86A2-20A389DC7E9E}.Debug|Any CPU.Build.0 = Release|Any CPU
		{6EEC6691-35EF-4BA0-86A2-20A389DC7E9E}.Release|Any CPU.ActiveCfg = Release|Any CPU
		{6EEC6691-35EF-4BA0-86A2-20A389DC7E9E}.Release|Any CPU.Build.0 = Release|Any CPU
		{5D12C3BA-01DD-4CE5-AFDA-3EEA953B88B2}.Debug|Any CPU.ActiveCfg = Release|Any CPU
		{5D12C3BA-01DD-4CE5-AFDA-3EEA953B88B2}.Debug|Any CPU.Build.0 = Release|Any CPU
		{5D12C3BA-01DD-4CE5-AFDA-3EEA953B88B2}.Release|Any CPU.ActiveCfg = Release|Any CPU
		{5D12C3BA-01DD-4CE5-AFDA-3EEA953B88B2}.Release|Any CPU.Build.0 = Release|Any CPU
	EndGlobalSection
	GlobalSection(SolutionProperties) = preSolution
		HideSolutionNode = FALSE
	EndGlobalSection
	GlobalSection(ExtensibilityGlobals) = postSolution
		SolutionGuid = {97A01543-97C3-4D32-9C6A-010E23179E13}
	EndGlobalSection
EndGlobal
