
Microsoft Visual Studio Solution File, Format Version 12.00
# Visual Studio Version 17
VisualStudioVersion = 17.10.35013.160
MinimumVisualStudioVersion = 10.0.40219.1
Project("{9A19103F-16F7-4668-BE54-9A1E7A4F7556}") = "MapExtPatcher", "MapExt.Patcher\MapExtPatcher.csproj", "{6EEC6691-35EF-4BA0-86A2-20A389DC7E9E}"
EndProject
Project("{2150E333-8FDC-42A3-9474-1A3956D46DE8}") = "解决方案项", "解决方案项", "{66C4F897-27D8-41A3-BF9D-9A5983AA0609}"
	ProjectSection(SolutionItems) = preProject
		LICENSE = LICENSE
		README.md = README.md
	EndProjectSection
EndProject
Project("{FAE04EC0-301F-11D3-BF4B-00C04F79EFBC}") = "MapExtPDX", "MapExt.PDX\MapExtPDX.csproj", "{82F2440D-BE90-4D6E-B92D-C3778029BEF1}"
EndProject
Global
	GlobalSection(SolutionConfigurationPlatforms) = preSolution
		Debug|Any CPU = Debug|Any CPU
		Release|Any CPU = Release|Any CPU
	EndGlobalSection
	GlobalSection(ProjectConfigurationPlatforms) = postSolution
		{6EEC6691-35EF-4BA0-86A2-20A389DC7E9E}.Debug|Any CPU.ActiveCfg = Release|Any CPU
		{6EEC6691-35EF-4BA0-86A2-20A389DC7E9E}.Debug|Any CPU.Build.0 = Release|Any CPU
		{6EEC6691-35EF-4BA0-86A2-20A389DC7E9E}.Release|Any CPU.ActiveCfg = Release|Any CPU
		{6EEC6691-35EF-4BA0-86A2-20A389DC7E9E}.Release|Any CPU.Build.0 = Release|Any CPU
		{82F2440D-BE90-4D6E-B92D-C3778029BEF1}.Debug|Any CPU.ActiveCfg = Debug|Any CPU
		{82F2440D-BE90-4D6E-B92D-C3778029BEF1}.Debug|Any CPU.Build.0 = Debug|Any CPU
		{82F2440D-BE90-4D6E-B92D-C3778029BEF1}.Release|Any CPU.ActiveCfg = Release|Any CPU
		{82F2440D-BE90-4D6E-B92D-C3778029BEF1}.Release|Any CPU.Build.0 = Release|Any CPU
	EndGlobalSection
	GlobalSection(SolutionProperties) = preSolution
		HideSolutionNode = FALSE
	EndGlobalSection
	GlobalSection(NestedProjects) = preSolution
		{6EEC6691-35EF-4BA0-86A2-20A389DC7E9E} = {66C4F897-27D8-41A3-BF9D-9A5983AA0609}
		{82F2440D-BE90-4D6E-B92D-C3778029BEF1} = {66C4F897-27D8-41A3-BF9D-9A5983AA0609}
	EndGlobalSection
	GlobalSection(ExtensibilityGlobals) = postSolution
		SolutionGuid = {97A01543-97C3-4D32-9C6A-010E23179E13}
	EndGlobalSection
EndGlobal
